
Microsoft Visual Studio Solution File, Format Version 12.00
# Visual Studio Version 17
VisualStudioVersion = 17.4.33205.214
MinimumVisualStudioVersion = 10.0.40219.1
Project("{9A19103F-16F7-4668-BE54-9A1E7A4F7556}") = "InventoryAppAPI", "InventoryAppAPI.csproj", "{7A25E94A-F394-4EAB-ACF8-4008603D2019}"
EndProject
Project("{9A19103F-16F7-4668-BE54-9A1E7A4F7556}") = "InventoryAppAPI.UnitTests", "..\TestsAPI\InventoryAppAPI.UnitTests\InventoryAppAPI.UnitTests.csproj", "{84BFB958-D2FC-4CB3-8C7F-CCAC85F8002B}"
EndProject
Global
	GlobalSection(SolutionConfigurationPlatforms) = preSolution
		Debug|Any CPU = Debug|Any CPU
		Release|Any CPU = Release|Any CPU
	EndGlobalSection
	GlobalSection(ProjectConfigurationPlatforms) = postSolution
		{7A25E94A-F394-4EAB-ACF8-4008603D2019}.Debug|Any CPU.ActiveCfg = Debug|Any CPU
		{7A25E94A-F394-4EAB-ACF8-4008603D2019}.Debug|Any CPU.Build.0 = Debug|Any CPU
		{7A25E94A-F394-4EAB-ACF8-4008603D2019}.Release|Any CPU.ActiveCfg = Release|Any CPU
		{7A25E94A-F394-4EAB-ACF8-4008603D2019}.Release|Any CPU.Build.0 = Release|Any CPU
		{84BFB958-D2FC-4CB3-8C7F-CCAC85F8002B}.Debug|Any CPU.ActiveCfg = Debug|Any CPU
		{84BFB958-D2FC-4CB3-8C7F-CCAC85F8002B}.Debug|Any CPU.Build.0 = Debug|Any CPU
		{84BFB958-D2FC-4CB3-8C7F-CCAC85F8002B}.Release|Any CPU.ActiveCfg = Release|Any CPU
		{84BFB958-D2FC-4CB3-8C7F-CCAC85F8002B}.Release|Any CPU.Build.0 = Release|Any CPU
	EndGlobalSection
	GlobalSection(SolutionProperties) = preSolution
		HideSolutionNode = FALSE
	EndGlobalSection
	GlobalSection(ExtensibilityGlobals) = postSolution
		SolutionGuid = {4514ACD1-40DA-4BC9-A6D5-3E63EC4A07AC}
	EndGlobalSection
EndGlobal
